
Microsoft Visual Studio Solution File, Format Version 12.00
# Visual Studio 15
VisualStudioVersion = 15.0.26730.12
MinimumVisualStudioVersion = 10.0.40219.1
Project("{FAE04EC0-301F-11D3-BF4B-00C04F79EFBC}") = "Program 2", "Program 2\Program 2.csproj", "{A11E0F28-B20D-4D3B-8755-41F447D5AD75}"
EndProject
Global
	GlobalSection(SolutionConfigurationPlatforms) = preSolution
		Debug|Any CPU = Debug|Any CPU
		Release|Any CPU = Release|Any CPU
	EndGlobalSection
	GlobalSection(ProjectConfigurationPlatforms) = postSolution
		{A11E0F28-B20D-4D3B-8755-41F447D5AD75}.Debug|Any CPU.ActiveCfg = Debug|Any CPU
		{A11E0F28-B20D-4D3B-8755-41F447D5AD75}.Debug|Any CPU.Build.0 = Debug|Any CPU
		{A11E0F28-B20D-4D3B-8755-41F447D5AD75}.Release|Any CPU.ActiveCfg = Release|Any CPU
		{A11E0F28-B20D-4D3B-8755-41F447D5AD75}.Release|Any CPU.Build.0 = Release|Any CPU
	EndGlobalSection
	GlobalSection(SolutionProperties) = preSolution
		HideSolutionNode = FALSE
	EndGlobalSection
	GlobalSection(ExtensibilityGlobals) = postSolution
		SolutionGuid = {58E19F43-FF69-4C39-98B4-AA442DAACE89}
	EndGlobalSection
EndGlobal
